// !$*UTF8*$!
{
	archiveVersion = 1;
	classes = {
	};
	objectVersion = 46;
	objects = {

/* Begin PBXBuildFile section */
		963F524419C295BF0094BC68 /* AppDelegate.swift in Sources */ = {isa = PBXBuildFile; fileRef = 963F524319C295BF0094BC68 /* AppDelegate.swift */; };
		963F524719C295BF0094BC68 /* icloudsynctest4iOS.xcdatamodeld in Sources */ = {isa = PBXBuildFile; fileRef = 963F524519C295BF0094BC68 /* icloudsynctest4iOS.xcdatamodeld */; };
		963F524919C295BF0094BC68 /* ViewController.swift in Sources */ = {isa = PBXBuildFile; fileRef = 963F524819C295BF0094BC68 /* ViewController.swift */; };
		963F524C19C295BF0094BC68 /* Main.storyboard in Resources */ = {isa = PBXBuildFile; fileRef = 963F524A19C295BF0094BC68 /* Main.storyboard */; };
		963F524E19C295BF0094BC68 /* Images.xcassets in Resources */ = {isa = PBXBuildFile; fileRef = 963F524D19C295BF0094BC68 /* Images.xcassets */; };
		963F525119C295BF0094BC68 /* LaunchScreen.xib in Resources */ = {isa = PBXBuildFile; fileRef = 963F524F19C295BF0094BC68 /* LaunchScreen.xib */; };
		963F525D19C295BF0094BC68 /* icloudsynctest4iOSTests.swift in Sources */ = {isa = PBXBuildFile; fileRef = 963F525C19C295BF0094BC68 /* icloudsynctest4iOSTests.swift */; };
/* End PBXBuildFile section */

/* Begin PBXContainerItemProxy section */
		963F525719C295BF0094BC68 /* PBXContainerItemProxy */ = {
			isa = PBXContainerItemProxy;
			containerPortal = 963F523619C295BF0094BC68 /* Project object */;
			proxyType = 1;
			remoteGlobalIDString = 963F523D19C295BF0094BC68;
			remoteInfo = icloudsynctest4iOS;
		};
/* End PBXContainerItemProxy section */

/* Begin PBXFileReference section */
		963F523E19C295BF0094BC68 /* icloudsynctest4iOS.app */ = {isa = PBXFileReference; explicitFileType = wrapper.application; includeInIndex = 0; path = icloudsynctest4iOS.app; sourceTree = BUILT_PRODUCTS_DIR; };
		963F524219C295BF0094BC68 /* Info.plist */ = {isa = PBXFileReference; lastKnownFileType = text.plist.xml; path = Info.plist; sourceTree = "<group>"; };
		963F524319C295BF0094BC68 /* AppDelegate.swift */ = {isa = PBXFileReference; lastKnownFileType = sourcecode.swift; path = AppDelegate.swift; sourceTree = "<group>"; };
		963F524619C295BF0094BC68 /* icloudsynctest4iOS.xcdatamodel */ = {isa = PBXFileReference; lastKnownFileType = wrapper.xcdatamodel; path = icloudsynctest4iOS.xcdatamodel; sourceTree = "<group>"; };
		963F524819C295BF0094BC68 /* ViewController.swift */ = {isa = PBXFileReference; lastKnownFileType = sourcecode.swift; path = ViewController.swift; sourceTree = "<group>"; };
		963F524B19C295BF0094BC68 /* Base */ = {isa = PBXFileReference; lastKnownFileType = file.storyboard; name = Base; path = Base.lproj/Main.storyboard; sourceTree = "<group>"; };
		963F524D19C295BF0094BC68 /* Images.xcassets */ = {isa = PBXFileReference; lastKnownFileType = folder.assetcatalog; path = Images.xcassets; sourceTree = "<group>"; };
		963F525019C295BF0094BC68 /* Base */ = {isa = PBXFileReference; lastKnownFileType = file.xib; name = Base; path = Base.lproj/LaunchScreen.xib; sourceTree = "<group>"; };
		963F525619C295BF0094BC68 /* icloudsynctest4iOSTests.xctest */ = {isa = PBXFileReference; explicitFileType = wrapper.cfbundle; includeInIndex = 0; path = icloudsynctest4iOSTests.xctest; sourceTree = BUILT_PRODUCTS_DIR; };
		963F525B19C295BF0094BC68 /* Info.plist */ = {isa = PBXFileReference; lastKnownFileType = text.plist.xml; path = Info.plist; sourceTree = "<group>"; };
		963F525C19C295BF0094BC68 /* icloudsynctest4iOSTests.swift */ = {isa = PBXFileReference; lastKnownFileType = sourcecode.swift; path = icloudsynctest4iOSTests.swift; sourceTree = "<group>"; };
		963F526619C3B7910094BC68 /* icloudsynctest4iOS.entitlements */ = {isa = PBXFileReference; lastKnownFileType = text.xml; path = icloudsynctest4iOS.entitlements; sourceTree = "<group>"; };
/* End PBXFileReference section */

/* Begin PBXFrameworksBuildPhase section */
		963F523B19C295BF0094BC68 /* Frameworks */ = {
			isa = PBXFrameworksBuildPhase;
			buildActionMask = 2147483647;
			files = (
			);
			runOnlyForDeploymentPostprocessing = 0;
		};
		963F525319C295BF0094BC68 /* Frameworks */ = {
			isa = PBXFrameworksBuildPhase;
			buildActionMask = 2147483647;
			files = (
			);
			runOnlyForDeploymentPostprocessing = 0;
		};
/* End PBXFrameworksBuildPhase section */

/* Begin PBXGroup section */
		963F523519C295BF0094BC68 = {
			isa = PBXGroup;
			children = (
				963F524019C295BF0094BC68 /* icloudsynctest4iOS */,
				963F525919C295BF0094BC68 /* icloudsynctest4iOSTests */,
				963F523F19C295BF0094BC68 /* Products */,
			);
			sourceTree = "<group>";
		};
		963F523F19C295BF0094BC68 /* Products */ = {
			isa = PBXGroup;
			children = (
				963F523E19C295BF0094BC68 /* icloudsynctest4iOS.app */,
				963F525619C295BF0094BC68 /* icloudsynctest4iOSTests.xctest */,
			);
			name = Products;
			sourceTree = "<group>";
		};
		963F524019C295BF0094BC68 /* icloudsynctest4iOS */ = {
			isa = PBXGroup;
			children = (
				963F526619C3B7910094BC68 /* icloudsynctest4iOS.entitlements */,
				963F524319C295BF0094BC68 /* AppDelegate.swift */,
				963F524819C295BF0094BC68 /* ViewController.swift */,
				963F524A19C295BF0094BC68 /* Main.storyboard */,
				963F524D19C295BF0094BC68 /* Images.xcassets */,
				963F524F19C295BF0094BC68 /* LaunchScreen.xib */,
				963F524519C295BF0094BC68 /* icloudsynctest4iOS.xcdatamodeld */,
				963F524119C295BF0094BC68 /* Supporting Files */,
			);
			path = icloudsynctest4iOS;
			sourceTree = "<group>";
		};
		963F524119C295BF0094BC68 /* Supporting Files */ = {
			isa = PBXGroup;
			children = (
				963F524219C295BF0094BC68 /* Info.plist */,
			);
			name = "Supporting Files";
			sourceTree = "<group>";
		};
		963F525919C295BF0094BC68 /* icloudsynctest4iOSTests */ = {
			isa = PBXGroup;
			children = (
				963F525C19C295BF0094BC68 /* icloudsynctest4iOSTests.swift */,
				963F525A19C295BF0094BC68 /* Supporting Files */,
			);
			path = icloudsynctest4iOSTests;
			sourceTree = "<group>";
		};
		963F525A19C295BF0094BC68 /* Supporting Files */ = {
			isa = PBXGroup;
			children = (
				963F525B19C295BF0094BC68 /* Info.plist */,
			);
			name = "Supporting Files";
			sourceTree = "<group>";
		};
/* End PBXGroup section */

/* Begin PBXNativeTarget section */
		963F523D19C295BF0094BC68 /* icloudsynctest4iOS */ = {
			isa = PBXNativeTarget;
			buildConfigurationList = 963F526019C295BF0094BC68 /* Build configuration list for PBXNativeTarget "icloudsynctest4iOS" */;
			buildPhases = (
				963F523A19C295BF0094BC68 /* Sources */,
				963F523B19C295BF0094BC68 /* Frameworks */,
				963F523C19C295BF0094BC68 /* Resources */,
			);
			buildRules = (
			);
			dependencies = (
			);
			name = icloudsynctest4iOS;
			productName = icloudsynctest4iOS;
			productReference = 963F523E19C295BF0094BC68 /* icloudsynctest4iOS.app */;
			productType = "com.apple.product-type.application";
		};
		963F525519C295BF0094BC68 /* icloudsynctest4iOSTests */ = {
			isa = PBXNativeTarget;
			buildConfigurationList = 963F526319C295BF0094BC68 /* Build configuration list for PBXNativeTarget "icloudsynctest4iOSTests" */;
			buildPhases = (
				963F525219C295BF0094BC68 /* Sources */,
				963F525319C295BF0094BC68 /* Frameworks */,
				963F525419C295BF0094BC68 /* Resources */,
			);
			buildRules = (
			);
			dependencies = (
				963F525819C295BF0094BC68 /* PBXTargetDependency */,
			);
			name = icloudsynctest4iOSTests;
			productName = icloudsynctest4iOSTests;
			productReference = 963F525619C295BF0094BC68 /* icloudsynctest4iOSTests.xctest */;
			productType = "com.apple.product-type.bundle.unit-test";
		};
/* End PBXNativeTarget section */

/* Begin PBXProject section */
		963F523619C295BF0094BC68 /* Project object */ = {
			isa = PBXProject;
			attributes = {
				LastUpgradeCheck = 0600;
				ORGANIZATIONNAME = org.montpetit;
				TargetAttributes = {
					963F523D19C295BF0094BC68 = {
						CreatedOnToolsVersion = 6.1;
						DevelopmentTeam = N4DH3D8HZT;
						SystemCapabilities = {
							com.apple.iCloud = {
								enabled = 1;
							};
						};
					};
					963F525519C295BF0094BC68 = {
						CreatedOnToolsVersion = 6.1;
						TestTargetID = 963F523D19C295BF0094BC68;
					};
				};
			};
			buildConfigurationList = 963F523919C295BF0094BC68 /* Build configuration list for PBXProject "icloudsynctest4iOS" */;
			compatibilityVersion = "Xcode 3.2";
			developmentRegion = English;
			hasScannedForEncodings = 0;
			knownRegions = (
				en,
				Base,
			);
			mainGroup = 963F523519C295BF0094BC68;
			productRefGroup = 963F523F19C295BF0094BC68 /* Products */;
			projectDirPath = "";
			projectRoot = "";
			targets = (
				963F523D19C295BF0094BC68 /* icloudsynctest4iOS */,
				963F525519C295BF0094BC68 /* icloudsynctest4iOSTests */,
			);
		};
/* End PBXProject section */

/* Begin PBXResourcesBuildPhase section */
		963F523C19C295BF0094BC68 /* Resources */ = {
			isa = PBXResourcesBuildPhase;
			buildActionMask = 2147483647;
			files = (
				963F524C19C295BF0094BC68 /* Main.storyboard in Resources */,
				963F525119C295BF0094BC68 /* LaunchScreen.xib in Resources */,
				963F524E19C295BF0094BC68 /* Images.xcassets in Resources */,
			);
			runOnlyForDeploymentPostprocessing = 0;
		};
		963F525419C295BF0094BC68 /* Resources */ = {
			isa = PBXResourcesBuildPhase;
			buildActionMask = 2147483647;
			files = (
			);
			runOnlyForDeploymentPostprocessing = 0;
		};
/* End PBXResourcesBuildPhase section */

/* Begin PBXSourcesBuildPhase section */
		963F523A19C295BF0094BC68 /* Sources */ = {
			isa = PBXSourcesBuildPhase;
			buildActionMask = 2147483647;
			files = (
				963F524919C295BF0094BC68 /* ViewController.swift in Sources */,
				963F524419C295BF0094BC68 /* AppDelegate.swift in Sources */,
				963F524719C295BF0094BC68 /* icloudsynctest4iOS.xcdatamodeld in Sources */,
			);
			runOnlyForDeploymentPostprocessing = 0;
		};
		963F525219C295BF0094BC68 /* Sources */ = {
			isa = PBXSourcesBuildPhase;
			buildActionMask = 2147483647;
			files = (
				963F525D19C295BF0094BC68 /* icloudsynctest4iOSTests.swift in Sources */,
			);
			runOnlyForDeploymentPostprocessing = 0;
		};
/* End PBXSourcesBuildPhase section */

/* Begin PBXTargetDependency section */
		963F525819C295BF0094BC68 /* PBXTargetDependency */ = {
			isa = PBXTargetDependency;
			target = 963F523D19C295BF0094BC68 /* icloudsynctest4iOS */;
			targetProxy = 963F525719C295BF0094BC68 /* PBXContainerItemProxy */;
		};
/* End PBXTargetDependency section */

/* Begin PBXVariantGroup section */
		963F524A19C295BF0094BC68 /* Main.storyboard */ = {
			isa = PBXVariantGroup;
			children = (
				963F524B19C295BF0094BC68 /* Base */,
			);
			name = Main.storyboard;
			sourceTree = "<group>";
		};
		963F524F19C295BF0094BC68 /* LaunchScreen.xib */ = {
			isa = PBXVariantGroup;
			children = (
				963F525019C295BF0094BC68 /* Base */,
			);
			name = LaunchScreen.xib;
			sourceTree = "<group>";
		};
/* End PBXVariantGroup section */

/* Begin XCBuildConfiguration section */
		963F525E19C295BF0094BC68 /* Debug */ = {
			isa = XCBuildConfiguration;
			buildSettings = {
				ALWAYS_SEARCH_USER_PATHS = NO;
				CLANG_CXX_LANGUAGE_STANDARD = "gnu++0x";
				CLANG_CXX_LIBRARY = "libc++";
				CLANG_ENABLE_MODULES = YES;
				CLANG_ENABLE_OBJC_ARC = YES;
				CLANG_WARN_BOOL_CONVERSION = YES;
				CLANG_WARN_CONSTANT_CONVERSION = YES;
				CLANG_WARN_DIRECT_OBJC_ISA_USAGE = YES_ERROR;
				CLANG_WARN_EMPTY_BODY = YES;
				CLANG_WARN_ENUM_CONVERSION = YES;
				CLANG_WARN_INT_CONVERSION = YES;
				CLANG_WARN_OBJC_ROOT_CLASS = YES_ERROR;
				CLANG_WARN_UNREACHABLE_CODE = YES;
				CLANG_WARN__DUPLICATE_METHOD_MATCH = YES;
				"CODE_SIGN_IDENTITY[sdk=iphoneos*]" = "iPhone Developer";
				COPY_PHASE_STRIP = NO;
				ENABLE_STRICT_OBJC_MSGSEND = YES;
				GCC_C_LANGUAGE_STANDARD = gnu99;
				GCC_DYNAMIC_NO_PIC = NO;
				GCC_OPTIMIZATION_LEVEL = 0;
				GCC_PREPROCESSOR_DEFINITIONS = (
					"DEBUG=1",
					"$(inherited)",
				);
				GCC_SYMBOLS_PRIVATE_EXTERN = NO;
				GCC_WARN_64_TO_32_BIT_CONVERSION = YES;
				GCC_WARN_ABOUT_RETURN_TYPE = YES_ERROR;
				GCC_WARN_UNDECLARED_SELECTOR = YES;
				GCC_WARN_UNINITIALIZED_AUTOS = YES_AGGRESSIVE;
				GCC_WARN_UNUSED_FUNCTION = YES;
				GCC_WARN_UNUSED_VARIABLE = YES;
				IPHONEOS_DEPLOYMENT_TARGET = 8.0;
				MTL_ENABLE_DEBUG_INFO = YES;
				ONLY_ACTIVE_ARCH = YES;
				SDKROOT = iphoneos;
				SWIFT_OPTIMIZATION_LEVEL = "-Onone";
			};
			name = Debug;
		};
		963F525F19C295BF0094BC68 /* Release */ = {
			isa = XCBuildConfiguration;
			buildSettings = {
				ALWAYS_SEARCH_USER_PATHS = NO;
				CLANG_CXX_LANGUAGE_STANDARD = "gnu++0x";
				CLANG_CXX_LIBRARY = "libc++";
				CLANG_ENABLE_MODULES = YES;
				CLANG_ENABLE_OBJC_ARC = YES;
				CLANG_WARN_BOOL_CONVERSION = YES;
				CLANG_WARN_CONSTANT_CONVERSION = YES;
				CLANG_WARN_DIRECT_OBJC_ISA_USAGE = YES_ERROR;
				CLANG_WARN_EMPTY_BODY = YES;
				CLANG_WARN_ENUM_CONVERSION = YES;
				CLANG_WARN_INT_CONVERSION = YES;
				CLANG_WARN_OBJC_ROOT_CLASS = YES_ERROR;
				CLANG_WARN_UNREACHABLE_CODE = YES;
				CLANG_WARN__DUPLICATE_METHOD_MATCH = YES;
				"CODE_SIGN_IDENTITY[sdk=iphoneos*]" = "iPhone Developer";
				COPY_PHASE_STRIP = YES;
				ENABLE_NS_ASSERTIONS = NO;
				ENABLE_STRICT_OBJC_MSGSEND = YES;
				GCC_C_LANGUAGE_STANDARD = gnu99;
				GCC_WARN_64_TO_32_BIT_CONVERSION = YES;
				GCC_WARN_ABOUT_RETURN_TYPE = YES_ERROR;
				GCC_WARN_UNDECLARED_SELECTOR = YES;
				GCC_WARN_UNINITIALIZED_AUTOS = YES_AGGRESSIVE;
				GCC_WARN_UNUSED_FUNCTION = YES;
				GCC_WARN_UNUSED_VARIABLE = YES;
				IPHONEOS_DEPLOYMENT_TARGET = 8.0;
				MTL_ENABLE_DEBUG_INFO = NO;
				SDKROOT = iphoneos;
				VALIDATE_PRODUCT = YES;
			};
			name = Release;
		};
		963F526119C295BF0094BC68 /* Debug */ = {
			isa = XCBuildConfiguration;
			buildSettings = {
				ASSETCATALOG_COMPILER_APPICON_NAME = AppIcon;
				CODE_SIGN_ENTITLEMENTS = icloudsynctest4iOS/icloudsynctest4iOS.entitlements;
				CODE_SIGN_IDENTITY = "iPhone Developer";
				"CODE_SIGN_IDENTITY[sdk=iphoneos*]" = "iPhone Developer";
				INFOPLIST_FILE = icloudsynctest4iOS/Info.plist;
				LD_RUNPATH_SEARCH_PATHS = "$(inherited) @executable_path/Frameworks";
				PRODUCT_NAME = "$(TARGET_NAME)";
				PROVISIONING_PROFILE = "";
			};
			name = Debug;
		};
		963F526219C295BF0094BC68 /* Release */ = {
			isa = XCBuildConfiguration;
			buildSettings = {
				ASSETCATALOG_COMPILER_APPICON_NAME = AppIcon;
				CODE_SIGN_ENTITLEMENTS = icloudsynctest4iOS/icloudsynctest4iOS.entitlements;
				CODE_SIGN_IDENTITY = "iPhone Developer";
				"CODE_SIGN_IDENTITY[sdk=iphoneos*]" = "iPhone Developer";
				INFOPLIST_FILE = icloudsynctest4iOS/Info.plist;
				LD_RUNPATH_SEARCH_PATHS = "$(inherited) @executable_path/Frameworks";
				PRODUCT_NAME = "$(TARGET_NAME)";
				PROVISIONING_PROFILE = "";
			};
			name = Release;
		};
		963F526419C295BF0094BC68 /* Debug */ = {
			isa = XCBuildConfiguration;
			buildSettings = {
				BUNDLE_LOADER = "$(TEST_HOST)";
				FRAMEWORK_SEARCH_PATHS = (
					"$(SDKROOT)/Developer/Library/Frameworks",
					"$(inherited)",
				);
				GCC_PREPROCESSOR_DEFINITIONS = (
					"DEBUG=1",
					"$(inherited)",
				);
				INFOPLIST_FILE = icloudsynctest4iOSTests/Info.plist;
				LD_RUNPATH_SEARCH_PATHS = "$(inherited) @executable_path/Frameworks @loader_path/Frameworks";
				PRODUCT_NAME = "$(TARGET_NAME)";
				TEST_HOST = "$(BUILT_PRODUCTS_DIR)/icloudsynctest4iOS.app/icloudsynctest4iOS";
			};
			name = Debug;
		};
		963F526519C295BF0094BC68 /* Release */ = {
			isa = XCBuildConfiguration;
			buildSettings = {
				BUNDLE_LOADER = "$(TEST_HOST)";
				FRAMEWORK_SEARCH_PATHS = (
					"$(SDKROOT)/Developer/Library/Frameworks",
					"$(inherited)",
				);
				INFOPLIST_FILE = icloudsynctest4iOSTests/Info.plist;
				LD_RUNPATH_SEARCH_PATHS = "$(inherited) @executable_path/Frameworks @loader_path/Frameworks";
				PRODUCT_NAME = "$(TARGET_NAME)";
				TEST_HOST = "$(BUILT_PRODUCTS_DIR)/icloudsynctest4iOS.app/icloudsynctest4iOS";
			};
			name = Release;
		};
/* End XCBuildConfiguration section */

/* Begin XCConfigurationList section */
		963F523919C295BF0094BC68 /* Build configuration list for PBXProject "icloudsynctest4iOS" */ = {
			isa = XCConfigurationList;
			buildConfigurations = (
				963F525E19C295BF0094BC68 /* Debug */,
				963F525F19C295BF0094BC68 /* Release */,
			);
			defaultConfigurationIsVisible = 0;
			defaultConfigurationName = Release;
		};
		963F526019C295BF0094BC68 /* Build configuration list for PBXNativeTarget "icloudsynctest4iOS" */ = {
			isa = XCConfigurationList;
			buildConfigurations = (
				963F526119C295BF0094BC68 /* Debug */,
				963F526219C295BF0094BC68 /* Release */,
			);
			defaultConfigurationIsVisible = 0;
		};
		963F526319C295BF0094BC68 /* Build configuration list for PBXNativeTarget "icloudsynctest4iOSTests" */ = {
			isa = XCConfigurationList;
			buildConfigurations = (
				963F526419C295BF0094BC68 /* Debug */,
				963F526519C295BF0094BC68 /* Release */,
			);
			defaultConfigurationIsVisible = 0;
		};
/* End XCConfigurationList section */

/* Begin XCVersionGroup section */
		963F524519C295BF0094BC68 /* icloudsynctest4iOS.xcdatamodeld */ = {
			isa = XCVersionGroup;
			children = (
				963F524619C295BF0094BC68 /* icloudsynctest4iOS.xcdatamodel */,
			);
			currentVersion = 963F524619C295BF0094BC68 /* icloudsynctest4iOS.xcdatamodel */;
			path = icloudsynctest4iOS.xcdatamodeld;
			sourceTree = "<group>";
			versionGroupType = wrapper.xcdatamodel;
		};
/* End XCVersionGroup section */
	};
	rootObject = 963F523619C295BF0094BC68 /* Project object */;
}
