// !$*UTF8*$!
{
	archiveVersion = 1;
	classes = {
	};
	objectVersion = 46;
	objects = {

/* Begin PBXBuildFile section */
		9618B0CA19C3CB0B00FA1EFF /* Entity1.swift in Sources */ = {isa = PBXBuildFile; fileRef = 9618B0C619C3CB0B00FA1EFF /* Entity1.swift */; };
		9618B0CB19C3CB0B00FA1EFF /* icloudsynctest.xcdatamodeld in Sources */ = {isa = PBXBuildFile; fileRef = 9618B0C719C3CB0B00FA1EFF /* icloudsynctest.xcdatamodeld */; };
		9618B0CC19C3CB0B00FA1EFF /* ModelManager.swift in Sources */ = {isa = PBXBuildFile; fileRef = 9618B0C919C3CB0B00FA1EFF /* ModelManager.swift */; };
		963F51DC19C2953E0094BC68 /* main.swift in Sources */ = {isa = PBXBuildFile; fileRef = 963F51DB19C2953E0094BC68 /* main.swift */; };
		963F51DE19C2953E0094BC68 /* AppDelegate.swift in Sources */ = {isa = PBXBuildFile; fileRef = 963F51DD19C2953E0094BC68 /* AppDelegate.swift */; };
		963F51E319C2953E0094BC68 /* Images.xcassets in Resources */ = {isa = PBXBuildFile; fileRef = 963F51E219C2953E0094BC68 /* Images.xcassets */; };
		963F51E619C2953E0094BC68 /* MainMenu.xib in Resources */ = {isa = PBXBuildFile; fileRef = 963F51E419C2953E0094BC68 /* MainMenu.xib */; };
		963F51F219C2953E0094BC68 /* icloudsynctest4OSXTests.swift in Sources */ = {isa = PBXBuildFile; fileRef = 963F51F119C2953E0094BC68 /* icloudsynctest4OSXTests.swift */; };
/* End PBXBuildFile section */

/* Begin PBXContainerItemProxy section */
		963F51EC19C2953E0094BC68 /* PBXContainerItemProxy */ = {
			isa = PBXContainerItemProxy;
			containerPortal = 963F51CE19C2953E0094BC68 /* Project object */;
			proxyType = 1;
			remoteGlobalIDString = 963F51D519C2953E0094BC68;
			remoteInfo = icloudsynctest4OSX;
		};
/* End PBXContainerItemProxy section */

/* Begin PBXFileReference section */
		9618B0C619C3CB0B00FA1EFF /* Entity1.swift */ = {isa = PBXFileReference; fileEncoding = 4; lastKnownFileType = sourcecode.swift; path = Entity1.swift; sourceTree = "<group>"; };
		9618B0C819C3CB0B00FA1EFF /* icloudsynctest.xcdatamodel */ = {isa = PBXFileReference; lastKnownFileType = wrapper.xcdatamodel; path = icloudsynctest.xcdatamodel; sourceTree = "<group>"; };
		9618B0C919C3CB0B00FA1EFF /* ModelManager.swift */ = {isa = PBXFileReference; fileEncoding = 4; lastKnownFileType = sourcecode.swift; path = ModelManager.swift; sourceTree = "<group>"; };
		963F51D619C2953E0094BC68 /* icloudsynctest4OSX.app */ = {isa = PBXFileReference; explicitFileType = wrapper.application; includeInIndex = 0; path = icloudsynctest4OSX.app; sourceTree = BUILT_PRODUCTS_DIR; };
		963F51DA19C2953E0094BC68 /* Info.plist */ = {isa = PBXFileReference; lastKnownFileType = text.plist.xml; path = Info.plist; sourceTree = "<group>"; };
		963F51DB19C2953E0094BC68 /* main.swift */ = {isa = PBXFileReference; lastKnownFileType = sourcecode.swift; path = main.swift; sourceTree = "<group>"; };
		963F51DD19C2953E0094BC68 /* AppDelegate.swift */ = {isa = PBXFileReference; lastKnownFileType = sourcecode.swift; path = AppDelegate.swift; sourceTree = "<group>"; };
		963F51E219C2953E0094BC68 /* Images.xcassets */ = {isa = PBXFileReference; lastKnownFileType = folder.assetcatalog; path = Images.xcassets; sourceTree = "<group>"; };
		963F51E519C2953E0094BC68 /* Base */ = {isa = PBXFileReference; lastKnownFileType = file.xib; name = Base; path = Base.lproj/MainMenu.xib; sourceTree = "<group>"; };
		963F51EB19C2953E0094BC68 /* icloudsynctest4OSXTests.xctest */ = {isa = PBXFileReference; explicitFileType = wrapper.cfbundle; includeInIndex = 0; path = icloudsynctest4OSXTests.xctest; sourceTree = BUILT_PRODUCTS_DIR; };
		963F51F019C2953E0094BC68 /* Info.plist */ = {isa = PBXFileReference; lastKnownFileType = text.plist.xml; path = Info.plist; sourceTree = "<group>"; };
		963F51F119C2953E0094BC68 /* icloudsynctest4OSXTests.swift */ = {isa = PBXFileReference; lastKnownFileType = sourcecode.swift; path = icloudsynctest4OSXTests.swift; sourceTree = "<group>"; };
		96FF675F19C3D1D90020092F /* icloudsynctest4OSX.entitlements */ = {isa = PBXFileReference; lastKnownFileType = text.xml; path = icloudsynctest4OSX.entitlements; sourceTree = "<group>"; };
/* End PBXFileReference section */

/* Begin PBXFrameworksBuildPhase section */
		963F51D319C2953E0094BC68 /* Frameworks */ = {
			isa = PBXFrameworksBuildPhase;
			buildActionMask = 2147483647;
			files = (
			);
			runOnlyForDeploymentPostprocessing = 0;
		};
		963F51E819C2953E0094BC68 /* Frameworks */ = {
			isa = PBXFrameworksBuildPhase;
			buildActionMask = 2147483647;
			files = (
			);
			runOnlyForDeploymentPostprocessing = 0;
		};
/* End PBXFrameworksBuildPhase section */

/* Begin PBXGroup section */
		9618B0C519C3CB0B00FA1EFF /* common */ = {
			isa = PBXGroup;
			children = (
				9618B0C619C3CB0B00FA1EFF /* Entity1.swift */,
				9618B0C719C3CB0B00FA1EFF /* icloudsynctest.xcdatamodeld */,
				9618B0C919C3CB0B00FA1EFF /* ModelManager.swift */,
			);
			name = common;
			path = ../../common;
			sourceTree = "<group>";
		};
		963F51CD19C2953E0094BC68 = {
			isa = PBXGroup;
			children = (
				963F51D819C2953E0094BC68 /* icloudsynctest4OSX */,
				963F51EE19C2953E0094BC68 /* icloudsynctest4OSXTests */,
				963F51D719C2953E0094BC68 /* Products */,
			);
			sourceTree = "<group>";
		};
		963F51D719C2953E0094BC68 /* Products */ = {
			isa = PBXGroup;
			children = (
				963F51D619C2953E0094BC68 /* icloudsynctest4OSX.app */,
				963F51EB19C2953E0094BC68 /* icloudsynctest4OSXTests.xctest */,
			);
			name = Products;
			sourceTree = "<group>";
		};
		963F51D819C2953E0094BC68 /* icloudsynctest4OSX */ = {
			isa = PBXGroup;
			children = (
				96FF675F19C3D1D90020092F /* icloudsynctest4OSX.entitlements */,
				9618B0C519C3CB0B00FA1EFF /* common */,
				963F51DD19C2953E0094BC68 /* AppDelegate.swift */,
				963F51E219C2953E0094BC68 /* Images.xcassets */,
				963F51E419C2953E0094BC68 /* MainMenu.xib */,
				963F51D919C2953E0094BC68 /* Supporting Files */,
			);
			path = icloudsynctest4OSX;
			sourceTree = "<group>";
		};
		963F51D919C2953E0094BC68 /* Supporting Files */ = {
			isa = PBXGroup;
			children = (
				963F51DA19C2953E0094BC68 /* Info.plist */,
				963F51DB19C2953E0094BC68 /* main.swift */,
			);
			name = "Supporting Files";
			sourceTree = "<group>";
		};
		963F51EE19C2953E0094BC68 /* icloudsynctest4OSXTests */ = {
			isa = PBXGroup;
			children = (
				963F51F119C2953E0094BC68 /* icloudsynctest4OSXTests.swift */,
				963F51EF19C2953E0094BC68 /* Supporting Files */,
			);
			path = icloudsynctest4OSXTests;
			sourceTree = "<group>";
		};
		963F51EF19C2953E0094BC68 /* Supporting Files */ = {
			isa = PBXGroup;
			children = (
				963F51F019C2953E0094BC68 /* Info.plist */,
			);
			name = "Supporting Files";
			sourceTree = "<group>";
		};
/* End PBXGroup section */

/* Begin PBXNativeTarget section */
		963F51D519C2953E0094BC68 /* icloudsynctest4OSX */ = {
			isa = PBXNativeTarget;
			buildConfigurationList = 963F51F519C2953E0094BC68 /* Build configuration list for PBXNativeTarget "icloudsynctest4OSX" */;
			buildPhases = (
				963F51D219C2953E0094BC68 /* Sources */,
				963F51D319C2953E0094BC68 /* Frameworks */,
				963F51D419C2953E0094BC68 /* Resources */,
			);
			buildRules = (
			);
			dependencies = (
			);
			name = icloudsynctest4OSX;
			productName = icloudsynctest4OSX;
			productReference = 963F51D619C2953E0094BC68 /* icloudsynctest4OSX.app */;
			productType = "com.apple.product-type.application";
		};
		963F51EA19C2953E0094BC68 /* icloudsynctest4OSXTests */ = {
			isa = PBXNativeTarget;
			buildConfigurationList = 963F51F819C2953E0094BC68 /* Build configuration list for PBXNativeTarget "icloudsynctest4OSXTests" */;
			buildPhases = (
				963F51E719C2953E0094BC68 /* Sources */,
				963F51E819C2953E0094BC68 /* Frameworks */,
				963F51E919C2953E0094BC68 /* Resources */,
			);
			buildRules = (
			);
			dependencies = (
				963F51ED19C2953E0094BC68 /* PBXTargetDependency */,
			);
			name = icloudsynctest4OSXTests;
			productName = icloudsynctest4OSXTests;
			productReference = 963F51EB19C2953E0094BC68 /* icloudsynctest4OSXTests.xctest */;
			productType = "com.apple.product-type.bundle.unit-test";
		};
/* End PBXNativeTarget section */

/* Begin PBXProject section */
		963F51CE19C2953E0094BC68 /* Project object */ = {
			isa = PBXProject;
			attributes = {
				LastUpgradeCheck = 0600;
				ORGANIZATIONNAME = org.montpetit;
				TargetAttributes = {
					963F51D519C2953E0094BC68 = {
						CreatedOnToolsVersion = 6.1;
						DevelopmentTeam = N4DH3D8HZT;
						SystemCapabilities = {
							com.apple.iCloud = {
								enabled = 1;
							};
						};
					};
					963F51EA19C2953E0094BC68 = {
						CreatedOnToolsVersion = 6.1;
						TestTargetID = 963F51D519C2953E0094BC68;
					};
				};
			};
			buildConfigurationList = 963F51D119C2953E0094BC68 /* Build configuration list for PBXProject "icloudsynctest4OSX" */;
			compatibilityVersion = "Xcode 3.2";
			developmentRegion = English;
			hasScannedForEncodings = 0;
			knownRegions = (
				en,
				Base,
			);
			mainGroup = 963F51CD19C2953E0094BC68;
			productRefGroup = 963F51D719C2953E0094BC68 /* Products */;
			projectDirPath = "";
			projectRoot = "";
			targets = (
				963F51D519C2953E0094BC68 /* icloudsynctest4OSX */,
				963F51EA19C2953E0094BC68 /* icloudsynctest4OSXTests */,
			);
		};
/* End PBXProject section */

/* Begin PBXResourcesBuildPhase section */
		963F51D419C2953E0094BC68 /* Resources */ = {
			isa = PBXResourcesBuildPhase;
			buildActionMask = 2147483647;
			files = (
				963F51E319C2953E0094BC68 /* Images.xcassets in Resources */,
				963F51E619C2953E0094BC68 /* MainMenu.xib in Resources */,
			);
			runOnlyForDeploymentPostprocessing = 0;
		};
		963F51E919C2953E0094BC68 /* Resources */ = {
			isa = PBXResourcesBuildPhase;
			buildActionMask = 2147483647;
			files = (
			);
			runOnlyForDeploymentPostprocessing = 0;
		};
/* End PBXResourcesBuildPhase section */

/* Begin PBXSourcesBuildPhase section */
		963F51D219C2953E0094BC68 /* Sources */ = {
			isa = PBXSourcesBuildPhase;
			buildActionMask = 2147483647;
			files = (
				9618B0CB19C3CB0B00FA1EFF /* icloudsynctest.xcdatamodeld in Sources */,
				963F51DE19C2953E0094BC68 /* AppDelegate.swift in Sources */,
				9618B0CC19C3CB0B00FA1EFF /* ModelManager.swift in Sources */,
				9618B0CA19C3CB0B00FA1EFF /* Entity1.swift in Sources */,
				963F51DC19C2953E0094BC68 /* main.swift in Sources */,
			);
			runOnlyForDeploymentPostprocessing = 0;
		};
		963F51E719C2953E0094BC68 /* Sources */ = {
			isa = PBXSourcesBuildPhase;
			buildActionMask = 2147483647;
			files = (
				963F51F219C2953E0094BC68 /* icloudsynctest4OSXTests.swift in Sources */,
			);
			runOnlyForDeploymentPostprocessing = 0;
		};
/* End PBXSourcesBuildPhase section */

/* Begin PBXTargetDependency section */
		963F51ED19C2953E0094BC68 /* PBXTargetDependency */ = {
			isa = PBXTargetDependency;
			target = 963F51D519C2953E0094BC68 /* icloudsynctest4OSX */;
			targetProxy = 963F51EC19C2953E0094BC68 /* PBXContainerItemProxy */;
		};
/* End PBXTargetDependency section */

/* Begin PBXVariantGroup section */
		963F51E419C2953E0094BC68 /* MainMenu.xib */ = {
			isa = PBXVariantGroup;
			children = (
				963F51E519C2953E0094BC68 /* Base */,
			);
			name = MainMenu.xib;
			sourceTree = "<group>";
		};
/* End PBXVariantGroup section */

/* Begin XCBuildConfiguration section */
		963F51F319C2953E0094BC68 /* Debug */ = {
			isa = XCBuildConfiguration;
			buildSettings = {
				ALWAYS_SEARCH_USER_PATHS = NO;
				CLANG_CXX_LANGUAGE_STANDARD = "gnu++0x";
				CLANG_CXX_LIBRARY = "libc++";
				CLANG_ENABLE_MODULES = YES;
				CLANG_ENABLE_OBJC_ARC = YES;
				CLANG_WARN_BOOL_CONVERSION = YES;
				CLANG_WARN_CONSTANT_CONVERSION = YES;
				CLANG_WARN_DIRECT_OBJC_ISA_USAGE = YES_ERROR;
				CLANG_WARN_EMPTY_BODY = YES;
				CLANG_WARN_ENUM_CONVERSION = YES;
				CLANG_WARN_INT_CONVERSION = YES;
				CLANG_WARN_OBJC_ROOT_CLASS = YES_ERROR;
				CLANG_WARN_UNREACHABLE_CODE = YES;
				CLANG_WARN__DUPLICATE_METHOD_MATCH = YES;
				CODE_SIGN_IDENTITY = "-";
				COPY_PHASE_STRIP = NO;
				ENABLE_STRICT_OBJC_MSGSEND = YES;
				GCC_C_LANGUAGE_STANDARD = gnu99;
				GCC_DYNAMIC_NO_PIC = NO;
				GCC_OPTIMIZATION_LEVEL = 0;
				GCC_PREPROCESSOR_DEFINITIONS = (
					"DEBUG=1",
					"$(inherited)",
				);
				GCC_SYMBOLS_PRIVATE_EXTERN = NO;
				GCC_WARN_64_TO_32_BIT_CONVERSION = YES;
				GCC_WARN_ABOUT_RETURN_TYPE = YES_ERROR;
				GCC_WARN_UNDECLARED_SELECTOR = YES;
				GCC_WARN_UNINITIALIZED_AUTOS = YES_AGGRESSIVE;
				GCC_WARN_UNUSED_FUNCTION = YES;
				GCC_WARN_UNUSED_VARIABLE = YES;
				MACOSX_DEPLOYMENT_TARGET = 10.10;
				MTL_ENABLE_DEBUG_INFO = YES;
				ONLY_ACTIVE_ARCH = YES;
				SDKROOT = macosx;
				SWIFT_OPTIMIZATION_LEVEL = "-Onone";
			};
			name = Debug;
		};
		963F51F419C2953E0094BC68 /* Release */ = {
			isa = XCBuildConfiguration;
			buildSettings = {
				ALWAYS_SEARCH_USER_PATHS = NO;
				CLANG_CXX_LANGUAGE_STANDARD = "gnu++0x";
				CLANG_CXX_LIBRARY = "libc++";
				CLANG_ENABLE_MODULES = YES;
				CLANG_ENABLE_OBJC_ARC = YES;
				CLANG_WARN_BOOL_CONVERSION = YES;
				CLANG_WARN_CONSTANT_CONVERSION = YES;
				CLANG_WARN_DIRECT_OBJC_ISA_USAGE = YES_ERROR;
				CLANG_WARN_EMPTY_BODY = YES;
				CLANG_WARN_ENUM_CONVERSION = YES;
				CLANG_WARN_INT_CONVERSION = YES;
				CLANG_WARN_OBJC_ROOT_CLASS = YES_ERROR;
				CLANG_WARN_UNREACHABLE_CODE = YES;
				CLANG_WARN__DUPLICATE_METHOD_MATCH = YES;
				CODE_SIGN_IDENTITY = "-";
				COPY_PHASE_STRIP = YES;
				DEBUG_INFORMATION_FORMAT = "dwarf-with-dsym";
				ENABLE_NS_ASSERTIONS = NO;
				ENABLE_STRICT_OBJC_MSGSEND = YES;
				GCC_C_LANGUAGE_STANDARD = gnu99;
				GCC_WARN_64_TO_32_BIT_CONVERSION = YES;
				GCC_WARN_ABOUT_RETURN_TYPE = YES_ERROR;
				GCC_WARN_UNDECLARED_SELECTOR = YES;
				GCC_WARN_UNINITIALIZED_AUTOS = YES_AGGRESSIVE;
				GCC_WARN_UNUSED_FUNCTION = YES;
				GCC_WARN_UNUSED_VARIABLE = YES;
				MACOSX_DEPLOYMENT_TARGET = 10.10;
				MTL_ENABLE_DEBUG_INFO = NO;
				SDKROOT = macosx;
			};
			name = Release;
		};
		963F51F619C2953E0094BC68 /* Debug */ = {
			isa = XCBuildConfiguration;
			buildSettings = {
				ASSETCATALOG_COMPILER_APPICON_NAME = AppIcon;
				CODE_SIGN_ENTITLEMENTS = icloudsynctest4OSX/icloudsynctest4OSX.entitlements;
				CODE_SIGN_IDENTITY = "Developer ID Application";
				"CODE_SIGN_IDENTITY[sdk=macosx*]" = "Mac Developer";
				COMBINE_HIDPI_IMAGES = YES;
				INFOPLIST_FILE = icloudsynctest4OSX/Info.plist;
				LD_RUNPATH_SEARCH_PATHS = "$(inherited) @executable_path/../Frameworks";
				PRODUCT_NAME = "$(TARGET_NAME)";
				PROVISIONING_PROFILE = "";
			};
			name = Debug;
		};
		963F51F719C2953E0094BC68 /* Release */ = {
			isa = XCBuildConfiguration;
			buildSettings = {
				ASSETCATALOG_COMPILER_APPICON_NAME = AppIcon;
				CODE_SIGN_ENTITLEMENTS = icloudsynctest4OSX/icloudsynctest4OSX.entitlements;
				CODE_SIGN_IDENTITY = "Developer ID Application";
				"CODE_SIGN_IDENTITY[sdk=macosx*]" = "Mac Developer";
				COMBINE_HIDPI_IMAGES = YES;
				INFOPLIST_FILE = icloudsynctest4OSX/Info.plist;
				LD_RUNPATH_SEARCH_PATHS = "$(inherited) @executable_path/../Frameworks";
				PRODUCT_NAME = "$(TARGET_NAME)";
				PROVISIONING_PROFILE = "";
			};
			name = Release;
		};
		963F51F919C2953E0094BC68 /* Debug */ = {
			isa = XCBuildConfiguration;
			buildSettings = {
				BUNDLE_LOADER = "$(TEST_HOST)";
				COMBINE_HIDPI_IMAGES = YES;
				FRAMEWORK_SEARCH_PATHS = (
					"$(DEVELOPER_FRAMEWORKS_DIR)",
					"$(inherited)",
				);
				GCC_PREPROCESSOR_DEFINITIONS = (
					"DEBUG=1",
					"$(inherited)",
				);
				INFOPLIST_FILE = icloudsynctest4OSXTests/Info.plist;
				LD_RUNPATH_SEARCH_PATHS = "$(inherited) @executable_path/../Frameworks @loader_path/../Frameworks";
				PRODUCT_NAME = "$(TARGET_NAME)";
				TEST_HOST = "$(BUILT_PRODUCTS_DIR)/icloudsynctest4OSX.app/Contents/MacOS/icloudsynctest4OSX";
			};
			name = Debug;
		};
		963F51FA19C2953E0094BC68 /* Release */ = {
			isa = XCBuildConfiguration;
			buildSettings = {
				BUNDLE_LOADER = "$(TEST_HOST)";
				COMBINE_HIDPI_IMAGES = YES;
				FRAMEWORK_SEARCH_PATHS = (
					"$(DEVELOPER_FRAMEWORKS_DIR)",
					"$(inherited)",
				);
				INFOPLIST_FILE = icloudsynctest4OSXTests/Info.plist;
				LD_RUNPATH_SEARCH_PATHS = "$(inherited) @executable_path/../Frameworks @loader_path/../Frameworks";
				PRODUCT_NAME = "$(TARGET_NAME)";
				TEST_HOST = "$(BUILT_PRODUCTS_DIR)/icloudsynctest4OSX.app/Contents/MacOS/icloudsynctest4OSX";
			};
			name = Release;
		};
/* End XCBuildConfiguration section */

/* Begin XCConfigurationList section */
		963F51D119C2953E0094BC68 /* Build configuration list for PBXProject "icloudsynctest4OSX" */ = {
			isa = XCConfigurationList;
			buildConfigurations = (
				963F51F319C2953E0094BC68 /* Debug */,
				963F51F419C2953E0094BC68 /* Release */,
			);
			defaultConfigurationIsVisible = 0;
			defaultConfigurationName = Release;
		};
		963F51F519C2953E0094BC68 /* Build configuration list for PBXNativeTarget "icloudsynctest4OSX" */ = {
			isa = XCConfigurationList;
			buildConfigurations = (
				963F51F619C2953E0094BC68 /* Debug */,
				963F51F719C2953E0094BC68 /* Release */,
			);
			defaultConfigurationIsVisible = 0;
			defaultConfigurationName = Release;
		};
		963F51F819C2953E0094BC68 /* Build configuration list for PBXNativeTarget "icloudsynctest4OSXTests" */ = {
			isa = XCConfigurationList;
			buildConfigurations = (
				963F51F919C2953E0094BC68 /* Debug */,
				963F51FA19C2953E0094BC68 /* Release */,
			);
			defaultConfigurationIsVisible = 0;
			defaultConfigurationName = Release;
		};
/* End XCConfigurationList section */

/* Begin XCVersionGroup section */
		9618B0C719C3CB0B00FA1EFF /* icloudsynctest.xcdatamodeld */ = {
			isa = XCVersionGroup;
			children = (
				9618B0C819C3CB0B00FA1EFF /* icloudsynctest.xcdatamodel */,
			);
			currentVersion = 9618B0C819C3CB0B00FA1EFF /* icloudsynctest.xcdatamodel */;
			path = icloudsynctest.xcdatamodeld;
			sourceTree = "<group>";
			versionGroupType = wrapper.xcdatamodel;
		};
/* End XCVersionGroup section */
	};
	rootObject = 963F51CE19C2953E0094BC68 /* Project object */;
}
